// !$*UTF8*$!
{
	archiveVersion = 1;
	classes = {
	};
	objectVersion = 60;
	objects = {

/* Begin PBXBuildFile section */
		6C835B8F2C2844DA00644727 /* RealityGlitchArtApp.swift in Sources */ = {isa = PBXBuildFile; fileRef = 6C835B8E2C2844DA00644727 /* RealityGlitchArtApp.swift */; };
		6C835B912C2844DA00644727 /* ContentView.swift in Sources */ = {isa = PBXBuildFile; fileRef = 6C835B902C2844DA00644727 /* ContentView.swift */; };
		6C835B932C2844DA00644727 /* AppModel.swift in Sources */ = {isa = PBXBuildFile; fileRef = 6C835B922C2844DA00644727 /* AppModel.swift */; };
		6C835B952C2844DA00644727 /* ToggleImmersiveSpaceButton.swift in Sources */ = {isa = PBXBuildFile; fileRef = 6C835B942C2844DA00644727 /* ToggleImmersiveSpaceButton.swift */; };
		6C835B972C2844DA00644727 /* ImmersiveView.swift in Sources */ = {isa = PBXBuildFile; fileRef = 6C835B962C2844DA00644727 /* ImmersiveView.swift */; };
		6C835B992C2844DB00644727 /* Assets.xcassets in Resources */ = {isa = PBXBuildFile; fileRef = 6C835B982C2844DB00644727 /* Assets.xcassets */; };
		6C835B9C2C2844DB00644727 /* Preview Assets.xcassets in Resources */ = {isa = PBXBuildFile; fileRef = 6C835B9B2C2844DB00644727 /* Preview Assets.xcassets */; };
		6CDB2DF12C3A875300CFB28A /* NoiseVisualizationApp.swift in Sources */ = {isa = PBXBuildFile; fileRef = 6CDB2DF02C3A875300CFB28A /* NoiseVisualizationApp.swift */; };
		6CDB2DF32C3A875300CFB28A /* ContentView.swift in Sources */ = {isa = PBXBuildFile; fileRef = 6CDB2DF22C3A875300CFB28A /* ContentView.swift */; };
		6CDB2DF52C3A875300CFB28A /* AppModel.swift in Sources */ = {isa = PBXBuildFile; fileRef = 6CDB2DF42C3A875300CFB28A /* AppModel.swift */; };
		6CDB2DF72C3A875300CFB28A /* ToggleImmersiveSpaceButton.swift in Sources */ = {isa = PBXBuildFile; fileRef = 6CDB2DF62C3A875300CFB28A /* ToggleImmersiveSpaceButton.swift */; };
		6CDB2DF92C3A875300CFB28A /* ImmersiveView.swift in Sources */ = {isa = PBXBuildFile; fileRef = 6CDB2DF82C3A875300CFB28A /* ImmersiveView.swift */; };
		6CDB2DFB2C3A875400CFB28A /* Assets.xcassets in Resources */ = {isa = PBXBuildFile; fileRef = 6CDB2DFA2C3A875400CFB28A /* Assets.xcassets */; };
		6CDB2DFE2C3A875400CFB28A /* Preview Assets.xcassets in Resources */ = {isa = PBXBuildFile; fileRef = 6CDB2DFD2C3A875400CFB28A /* Preview Assets.xcassets */; };
		6CDB2E042C3A87FB00CFB28A /* RealityKitNoise in Resources */ = {isa = PBXBuildFile; fileRef = 6CDB2E032C3A87FB00CFB28A /* RealityKitNoise */; };
		6CDB2E072C3A886500CFB28A /* RealityKitNoise in Frameworks */ = {isa = PBXBuildFile; productRef = 6CDB2E062C3A886500CFB28A /* RealityKitNoise */; };
		6CE0ED852D0B292A00F10A1A /* RealityGlitchArt in Frameworks */ = {isa = PBXBuildFile; productRef = 6CE0ED842D0B292A00F10A1A /* RealityGlitchArt */; };
/* End PBXBuildFile section */

/* Begin PBXFileReference section */
		6C835B872C2844DA00644727 /* RealityGlitchArtDemo.app */ = {isa = PBXFileReference; explicitFileType = wrapper.application; includeInIndex = 0; path = RealityGlitchArtDemo.app; sourceTree = BUILT_PRODUCTS_DIR; };
		6C835B8E2C2844DA00644727 /* RealityGlitchArtApp.swift */ = {isa = PBXFileReference; lastKnownFileType = sourcecode.swift; path = RealityGlitchArtApp.swift; sourceTree = "<group>"; };
		6C835B902C2844DA00644727 /* ContentView.swift */ = {isa = PBXFileReference; lastKnownFileType = sourcecode.swift; path = ContentView.swift; sourceTree = "<group>"; };
		6C835B922C2844DA00644727 /* AppModel.swift */ = {isa = PBXFileReference; lastKnownFileType = sourcecode.swift; path = AppModel.swift; sourceTree = "<group>"; };
		6C835B942C2844DA00644727 /* ToggleImmersiveSpaceButton.swift */ = {isa = PBXFileReference; lastKnownFileType = sourcecode.swift; path = ToggleImmersiveSpaceButton.swift; sourceTree = "<group>"; };
		6C835B962C2844DA00644727 /* ImmersiveView.swift */ = {isa = PBXFileReference; lastKnownFileType = sourcecode.swift; path = ImmersiveView.swift; sourceTree = "<group>"; };
		6C835B982C2844DB00644727 /* Assets.xcassets */ = {isa = PBXFileReference; lastKnownFileType = folder.assetcatalog; path = Assets.xcassets; sourceTree = "<group>"; };
		6C835B9B2C2844DB00644727 /* Preview Assets.xcassets */ = {isa = PBXFileReference; lastKnownFileType = folder.assetcatalog; path = "Preview Assets.xcassets"; sourceTree = "<group>"; };
		6C835B9D2C2844DB00644727 /* Info.plist */ = {isa = PBXFileReference; lastKnownFileType = text.plist.xml; path = Info.plist; sourceTree = "<group>"; };
		6CDB2DEC2C3A875300CFB28A /* NoiseVisualization.app */ = {isa = PBXFileReference; explicitFileType = wrapper.application; includeInIndex = 0; path = NoiseVisualization.app; sourceTree = BUILT_PRODUCTS_DIR; };
		6CDB2DF02C3A875300CFB28A /* NoiseVisualizationApp.swift */ = {isa = PBXFileReference; lastKnownFileType = sourcecode.swift; path = NoiseVisualizationApp.swift; sourceTree = "<group>"; };
		6CDB2DF22C3A875300CFB28A /* ContentView.swift */ = {isa = PBXFileReference; lastKnownFileType = sourcecode.swift; path = ContentView.swift; sourceTree = "<group>"; };
		6CDB2DF42C3A875300CFB28A /* AppModel.swift */ = {isa = PBXFileReference; lastKnownFileType = sourcecode.swift; path = AppModel.swift; sourceTree = "<group>"; };
		6CDB2DF62C3A875300CFB28A /* ToggleImmersiveSpaceButton.swift */ = {isa = PBXFileReference; lastKnownFileType = sourcecode.swift; path = ToggleImmersiveSpaceButton.swift; sourceTree = "<group>"; };
		6CDB2DF82C3A875300CFB28A /* ImmersiveView.swift */ = {isa = PBXFileReference; lastKnownFileType = sourcecode.swift; path = ImmersiveView.swift; sourceTree = "<group>"; };
		6CDB2DFA2C3A875400CFB28A /* Assets.xcassets */ = {isa = PBXFileReference; lastKnownFileType = folder.assetcatalog; path = Assets.xcassets; sourceTree = "<group>"; };
		6CDB2DFD2C3A875400CFB28A /* Preview Assets.xcassets */ = {isa = PBXFileReference; lastKnownFileType = folder.assetcatalog; path = "Preview Assets.xcassets"; sourceTree = "<group>"; };
		6CDB2DFF2C3A875400CFB28A /* Info.plist */ = {isa = PBXFileReference; lastKnownFileType = text.plist.xml; path = Info.plist; sourceTree = "<group>"; };
		6CDB2E032C3A87FB00CFB28A /* RealityKitNoise */ = {isa = PBXFileReference; lastKnownFileType = wrapper; path = RealityKitNoise; sourceTree = "<group>"; };
		6CE0ED832D0B28EF00F10A1A /* RealityGlitchArt */ = {isa = PBXFileReference; lastKnownFileType = wrapper; path = RealityGlitchArt; sourceTree = "<group>"; };
/* End PBXFileReference section */

/* Begin PBXFrameworksBuildPhase section */
		6C835B842C2844DA00644727 /* Frameworks */ = {
			isa = PBXFrameworksBuildPhase;
			buildActionMask = 2147483647;
			files = (
				6CE0ED852D0B292A00F10A1A /* RealityGlitchArt in Frameworks */,
			);
			runOnlyForDeploymentPostprocessing = 0;
		};
		6CDB2DE92C3A875300CFB28A /* Frameworks */ = {
			isa = PBXFrameworksBuildPhase;
			buildActionMask = 2147483647;
			files = (
				6CDB2E072C3A886500CFB28A /* RealityKitNoise in Frameworks */,
			);
			runOnlyForDeploymentPostprocessing = 0;
		};
/* End PBXFrameworksBuildPhase section */

/* Begin PBXGroup section */
		6C835B7E2C2844DA00644727 = {
			isa = PBXGroup;
			children = (
				6C835B892C2844DA00644727 /* RealityGlitchArtDemo */,
				6C835B8A2C2844DA00644727 /* Packages */,
				6CDB2DED2C3A875300CFB28A /* NoiseVisualization */,
				6C835B882C2844DA00644727 /* Products */,
				6CDB2E052C3A886500CFB28A /* Frameworks */,
			);
			sourceTree = "<group>";
		};
		6C835B882C2844DA00644727 /* Products */ = {
			isa = PBXGroup;
			children = (
				6C835B872C2844DA00644727 /* RealityGlitchArtDemo.app */,
				6CDB2DEC2C3A875300CFB28A /* NoiseVisualization.app */,
			);
			name = Products;
			sourceTree = "<group>";
		};
		6C835B892C2844DA00644727 /* RealityGlitchArtDemo */ = {
			isa = PBXGroup;
			children = (
				6C835B8E2C2844DA00644727 /* RealityGlitchArtApp.swift */,
				6C835B902C2844DA00644727 /* ContentView.swift */,
				6C835B922C2844DA00644727 /* AppModel.swift */,
				6C835B942C2844DA00644727 /* ToggleImmersiveSpaceButton.swift */,
				6C835B962C2844DA00644727 /* ImmersiveView.swift */,
				6C835B982C2844DB00644727 /* Assets.xcassets */,
				6C835B9D2C2844DB00644727 /* Info.plist */,
				6C835B9A2C2844DB00644727 /* Preview Content */,
			);
			path = RealityGlitchArtDemo;
			sourceTree = "<group>";
		};
		6C835B8A2C2844DA00644727 /* Packages */ = {
			isa = PBXGroup;
			children = (
				6CE0ED832D0B28EF00F10A1A /* RealityGlitchArt */,
				6CDB2E032C3A87FB00CFB28A /* RealityKitNoise */,
			);
			path = Packages;
			sourceTree = "<group>";
		};
		6C835B9A2C2844DB00644727 /* Preview Content */ = {
			isa = PBXGroup;
			children = (
				6C835B9B2C2844DB00644727 /* Preview Assets.xcassets */,
			);
			path = "Preview Content";
			sourceTree = "<group>";
		};
		6CDB2DED2C3A875300CFB28A /* NoiseVisualization */ = {
			isa = PBXGroup;
			children = (
				6CDB2DF02C3A875300CFB28A /* NoiseVisualizationApp.swift */,
				6CDB2DF22C3A875300CFB28A /* ContentView.swift */,
				6CDB2DF42C3A875300CFB28A /* AppModel.swift */,
				6CDB2DF62C3A875300CFB28A /* ToggleImmersiveSpaceButton.swift */,
				6CDB2DF82C3A875300CFB28A /* ImmersiveView.swift */,
				6CDB2DFA2C3A875400CFB28A /* Assets.xcassets */,
				6CDB2DFF2C3A875400CFB28A /* Info.plist */,
				6CDB2DFC2C3A875400CFB28A /* Preview Content */,
			);
			path = NoiseVisualization;
			sourceTree = "<group>";
		};
		6CDB2DFC2C3A875400CFB28A /* Preview Content */ = {
			isa = PBXGroup;
			children = (
				6CDB2DFD2C3A875400CFB28A /* Preview Assets.xcassets */,
			);
			path = "Preview Content";
			sourceTree = "<group>";
		};
		6CDB2E052C3A886500CFB28A /* Frameworks */ = {
			isa = PBXGroup;
			children = (
			);
			name = Frameworks;
			sourceTree = "<group>";
		};
/* End PBXGroup section */

/* Begin PBXNativeTarget section */
		6C835B862C2844DA00644727 /* RealityGlitchArtDemo */ = {
			isa = PBXNativeTarget;
			buildConfigurationList = 6C835BA02C2844DB00644727 /* Build configuration list for PBXNativeTarget "RealityGlitchArtDemo" */;
			buildPhases = (
				6C835B832C2844DA00644727 /* Sources */,
				6C835B842C2844DA00644727 /* Frameworks */,
				6C835B852C2844DA00644727 /* Resources */,
			);
			buildRules = (
			);
			dependencies = (
			);
			name = RealityGlitchArtDemo;
			packageProductDependencies = (
				6CE0ED842D0B292A00F10A1A /* RealityGlitchArt */,
			);
			productName = VisionOSGlitchArt;
			productReference = 6C835B872C2844DA00644727 /* RealityGlitchArtDemo.app */;
			productType = "com.apple.product-type.application";
		};
		6CDB2DEB2C3A875300CFB28A /* NoiseVisualization */ = {
			isa = PBXNativeTarget;
			buildConfigurationList = 6CDB2E022C3A875400CFB28A /* Build configuration list for PBXNativeTarget "NoiseVisualization" */;
			buildPhases = (
				6CDB2DE82C3A875300CFB28A /* Sources */,
				6CDB2DE92C3A875300CFB28A /* Frameworks */,
				6CDB2DEA2C3A875300CFB28A /* Resources */,
			);
			buildRules = (
			);
			dependencies = (
			);
			name = NoiseVisualization;
			packageProductDependencies = (
				6CDB2E062C3A886500CFB28A /* RealityKitNoise */,
			);
			productName = NoiseVisualization;
			productReference = 6CDB2DEC2C3A875300CFB28A /* NoiseVisualization.app */;
			productType = "com.apple.product-type.application";
		};
/* End PBXNativeTarget section */

/* Begin PBXProject section */
		6C835B7F2C2844DA00644727 /* Project object */ = {
			isa = PBXProject;
			attributes = {
				BuildIndependentTargetsInParallel = 1;
				LastSwiftUpdateCheck = 1600;
				LastUpgradeCheck = 1600;
				TargetAttributes = {
					6C835B862C2844DA00644727 = {
						CreatedOnToolsVersion = 16.0;
					};
					6CDB2DEB2C3A875300CFB28A = {
						CreatedOnToolsVersion = 16.0;
					};
				};
			};
			buildConfigurationList = 6C835B822C2844DA00644727 /* Build configuration list for PBXProject "RealityGlitchArtDemo" */;
			compatibilityVersion = "Xcode 15.0";
			developmentRegion = en;
			hasScannedForEncodings = 0;
			knownRegions = (
				en,
				Base,
			);
			mainGroup = 6C835B7E2C2844DA00644727;
			productRefGroup = 6C835B882C2844DA00644727 /* Products */;
			projectDirPath = "";
			projectRoot = "";
			targets = (
				6C835B862C2844DA00644727 /* RealityGlitchArtDemo */,
				6CDB2DEB2C3A875300CFB28A /* NoiseVisualization */,
			);
		};
/* End PBXProject section */

/* Begin PBXResourcesBuildPhase section */
		6C835B852C2844DA00644727 /* Resources */ = {
			isa = PBXResourcesBuildPhase;
			buildActionMask = 2147483647;
			files = (
				6C835B9C2C2844DB00644727 /* Preview Assets.xcassets in Resources */,
				6C835B992C2844DB00644727 /* Assets.xcassets in Resources */,
			);
			runOnlyForDeploymentPostprocessing = 0;
		};
		6CDB2DEA2C3A875300CFB28A /* Resources */ = {
			isa = PBXResourcesBuildPhase;
			buildActionMask = 2147483647;
			files = (
				6CDB2DFE2C3A875400CFB28A /* Preview Assets.xcassets in Resources */,
				6CDB2E042C3A87FB00CFB28A /* RealityKitNoise in Resources */,
				6CDB2DFB2C3A875400CFB28A /* Assets.xcassets in Resources */,
			);
			runOnlyForDeploymentPostprocessing = 0;
		};
/* End PBXResourcesBuildPhase section */

/* Begin PBXSourcesBuildPhase section */
		6C835B832C2844DA00644727 /* Sources */ = {
			isa = PBXSourcesBuildPhase;
			buildActionMask = 2147483647;
			files = (
				6C835B952C2844DA00644727 /* ToggleImmersiveSpaceButton.swift in Sources */,
				6C835B912C2844DA00644727 /* ContentView.swift in Sources */,
				6C835B972C2844DA00644727 /* ImmersiveView.swift in Sources */,
				6C835B932C2844DA00644727 /* AppModel.swift in Sources */,
				6C835B8F2C2844DA00644727 /* RealityGlitchArtApp.swift in Sources */,
			);
			runOnlyForDeploymentPostprocessing = 0;
		};
		6CDB2DE82C3A875300CFB28A /* Sources */ = {
			isa = PBXSourcesBuildPhase;
			buildActionMask = 2147483647;
			files = (
				6CDB2DF72C3A875300CFB28A /* ToggleImmersiveSpaceButton.swift in Sources */,
				6CDB2DF32C3A875300CFB28A /* ContentView.swift in Sources */,
				6CDB2DF92C3A875300CFB28A /* ImmersiveView.swift in Sources */,
				6CDB2DF52C3A875300CFB28A /* AppModel.swift in Sources */,
				6CDB2DF12C3A875300CFB28A /* NoiseVisualizationApp.swift in Sources */,
			);
			runOnlyForDeploymentPostprocessing = 0;
		};
/* End PBXSourcesBuildPhase section */

/* Begin XCBuildConfiguration section */
		6C835B9E2C2844DB00644727 /* Debug */ = {
			isa = XCBuildConfiguration;
			buildSettings = {
				ALWAYS_SEARCH_USER_PATHS = NO;
				ASSETCATALOG_COMPILER_GENERATE_SWIFT_ASSET_SYMBOL_EXTENSIONS = YES;
				CLANG_ANALYZER_NONNULL = YES;
				CLANG_ANALYZER_NUMBER_OBJECT_CONVERSION = YES_AGGRESSIVE;
				CLANG_CXX_LANGUAGE_STANDARD = "gnu++20";
				CLANG_ENABLE_MODULES = YES;
				CLANG_ENABLE_OBJC_ARC = YES;
				CLANG_ENABLE_OBJC_WEAK = YES;
				CLANG_WARN_BLOCK_CAPTURE_AUTORELEASING = YES;
				CLANG_WARN_BOOL_CONVERSION = YES;
				CLANG_WARN_COMMA = YES;
				CLANG_WARN_CONSTANT_CONVERSION = YES;
				CLANG_WARN_DEPRECATED_OBJC_IMPLEMENTATIONS = YES;
				CLANG_WARN_DIRECT_OBJC_ISA_USAGE = YES_ERROR;
				CLANG_WARN_DOCUMENTATION_COMMENTS = YES;
				CLANG_WARN_EMPTY_BODY = YES;
				CLANG_WARN_ENUM_CONVERSION = YES;
				CLANG_WARN_INFINITE_RECURSION = YES;
				CLANG_WARN_INT_CONVERSION = YES;
				CLANG_WARN_NON_LITERAL_NULL_CONVERSION = YES;
				CLANG_WARN_OBJC_IMPLICIT_RETAIN_SELF = YES;
				CLANG_WARN_OBJC_LITERAL_CONVERSION = YES;
				CLANG_WARN_OBJC_ROOT_CLASS = YES_ERROR;
				CLANG_WARN_QUOTED_INCLUDE_IN_FRAMEWORK_HEADER = YES;
				CLANG_WARN_RANGE_LOOP_ANALYSIS = YES;
				CLANG_WARN_STRICT_PROTOTYPES = YES;
				CLANG_WARN_SUSPICIOUS_MOVE = YES;
				CLANG_WARN_UNGUARDED_AVAILABILITY = YES_AGGRESSIVE;
				CLANG_WARN_UNREACHABLE_CODE = YES;
				CLANG_WARN__DUPLICATE_METHOD_MATCH = YES;
				COPY_PHASE_STRIP = NO;
				DEBUG_INFORMATION_FORMAT = dwarf;
				ENABLE_STRICT_OBJC_MSGSEND = YES;
				ENABLE_TESTABILITY = YES;
				ENABLE_USER_SCRIPT_SANDBOXING = YES;
				GCC_C_LANGUAGE_STANDARD = gnu17;
				GCC_DYNAMIC_NO_PIC = NO;
				GCC_NO_COMMON_BLOCKS = YES;
				GCC_OPTIMIZATION_LEVEL = 0;
				GCC_PREPROCESSOR_DEFINITIONS = (
					"DEBUG=1",
					"$(inherited)",
				);
				GCC_WARN_64_TO_32_BIT_CONVERSION = YES;
				GCC_WARN_ABOUT_RETURN_TYPE = YES_ERROR;
				GCC_WARN_UNDECLARED_SELECTOR = YES;
				GCC_WARN_UNINITIALIZED_AUTOS = YES_AGGRESSIVE;
				GCC_WARN_UNUSED_FUNCTION = YES;
				GCC_WARN_UNUSED_VARIABLE = YES;
				LOCALIZATION_PREFERS_STRING_CATALOGS = YES;
				MTL_ENABLE_DEBUG_INFO = INCLUDE_SOURCE;
				MTL_FAST_MATH = YES;
				ONLY_ACTIVE_ARCH = YES;
				SDKROOT = xros;
				SWIFT_ACTIVE_COMPILATION_CONDITIONS = "DEBUG $(inherited)";
				SWIFT_OPTIMIZATION_LEVEL = "-Onone";
				XROS_DEPLOYMENT_TARGET = 2.0;
			};
			name = Debug;
		};
		6C835B9F2C2844DB00644727 /* Release */ = {
			isa = XCBuildConfiguration;
			buildSettings = {
				ALWAYS_SEARCH_USER_PATHS = NO;
				ASSETCATALOG_COMPILER_GENERATE_SWIFT_ASSET_SYMBOL_EXTENSIONS = YES;
				CLANG_ANALYZER_NONNULL = YES;
				CLANG_ANALYZER_NUMBER_OBJECT_CONVERSION = YES_AGGRESSIVE;
				CLANG_CXX_LANGUAGE_STANDARD = "gnu++20";
				CLANG_ENABLE_MODULES = YES;
				CLANG_ENABLE_OBJC_ARC = YES;
				CLANG_ENABLE_OBJC_WEAK = YES;
				CLANG_WARN_BLOCK_CAPTURE_AUTORELEASING = YES;
				CLANG_WARN_BOOL_CONVERSION = YES;
				CLANG_WARN_COMMA = YES;
				CLANG_WARN_CONSTANT_CONVERSION = YES;
				CLANG_WARN_DEPRECATED_OBJC_IMPLEMENTATIONS = YES;
				CLANG_WARN_DIRECT_OBJC_ISA_USAGE = YES_ERROR;
				CLANG_WARN_DOCUMENTATION_COMMENTS = YES;
				CLANG_WARN_EMPTY_BODY = YES;
				CLANG_WARN_ENUM_CONVERSION = YES;
				CLANG_WARN_INFINITE_RECURSION = YES;
				CLANG_WARN_INT_CONVERSION = YES;
				CLANG_WARN_NON_LITERAL_NULL_CONVERSION = YES;
				CLANG_WARN_OBJC_IMPLICIT_RETAIN_SELF = YES;
				CLANG_WARN_OBJC_LITERAL_CONVERSION = YES;
				CLANG_WARN_OBJC_ROOT_CLASS = YES_ERROR;
				CLANG_WARN_QUOTED_INCLUDE_IN_FRAMEWORK_HEADER = YES;
				CLANG_WARN_RANGE_LOOP_ANALYSIS = YES;
				CLANG_WARN_STRICT_PROTOTYPES = YES;
				CLANG_WARN_SUSPICIOUS_MOVE = YES;
				CLANG_WARN_UNGUARDED_AVAILABILITY = YES_AGGRESSIVE;
				CLANG_WARN_UNREACHABLE_CODE = YES;
				CLANG_WARN__DUPLICATE_METHOD_MATCH = YES;
				COPY_PHASE_STRIP = NO;
				DEBUG_INFORMATION_FORMAT = "dwarf-with-dsym";
				ENABLE_NS_ASSERTIONS = NO;
				ENABLE_STRICT_OBJC_MSGSEND = YES;
				ENABLE_USER_SCRIPT_SANDBOXING = YES;
				GCC_C_LANGUAGE_STANDARD = gnu17;
				GCC_NO_COMMON_BLOCKS = YES;
				GCC_WARN_64_TO_32_BIT_CONVERSION = YES;
				GCC_WARN_ABOUT_RETURN_TYPE = YES_ERROR;
				GCC_WARN_UNDECLARED_SELECTOR = YES;
				GCC_WARN_UNINITIALIZED_AUTOS = YES_AGGRESSIVE;
				GCC_WARN_UNUSED_FUNCTION = YES;
				GCC_WARN_UNUSED_VARIABLE = YES;
				LOCALIZATION_PREFERS_STRING_CATALOGS = YES;
				MTL_ENABLE_DEBUG_INFO = NO;
				MTL_FAST_MATH = YES;
				SDKROOT = xros;
				SWIFT_COMPILATION_MODE = wholemodule;
				VALIDATE_PRODUCT = YES;
				XROS_DEPLOYMENT_TARGET = 2.0;
			};
			name = Release;
		};
		6C835BA12C2844DB00644727 /* Debug */ = {
			isa = XCBuildConfiguration;
			buildSettings = {
				ASSETCATALOG_COMPILER_APPICON_NAME = AppIcon;
				ASSETCATALOG_COMPILER_GLOBAL_ACCENT_COLOR_NAME = AccentColor;
				CODE_SIGN_STYLE = Automatic;
				CURRENT_PROJECT_VERSION = 1;
				DEVELOPMENT_ASSET_PATHS = "\"RealityGlitchArtDemo/Preview Content\"";
				DEVELOPMENT_TEAM = 67UBXXU7S9;
				ENABLE_PREVIEWS = YES;
				GENERATE_INFOPLIST_FILE = YES;
				INFOPLIST_FILE = "$(TARGET_NAME)/Info.plist";
				LD_RUNPATH_SEARCH_PATHS = (
					"$(inherited)",
					"@executable_path/Frameworks",
				);
				MARKETING_VERSION = 1.0;
				PRODUCT_BUNDLE_IDENTIFIER = com.reality.RealityGlitchArt;
				PRODUCT_NAME = "$(TARGET_NAME)";
				SUPPORTED_PLATFORMS = "xros xrsimulator";
				SWIFT_EMIT_LOC_STRINGS = YES;
				SWIFT_VERSION = 5.0;
				TARGETED_DEVICE_FAMILY = 7;
			};
			name = Debug;
		};
		6C835BA22C2844DB00644727 /* Release */ = {
			isa = XCBuildConfiguration;
			buildSettings = {
				ASSETCATALOG_COMPILER_APPICON_NAME = AppIcon;
				ASSETCATALOG_COMPILER_GLOBAL_ACCENT_COLOR_NAME = AccentColor;
				CODE_SIGN_STYLE = Automatic;
				CURRENT_PROJECT_VERSION = 1;
				DEVELOPMENT_ASSET_PATHS = "\"RealityGlitchArtDemo/Preview Content\"";
				DEVELOPMENT_TEAM = 67UBXXU7S9;
				ENABLE_PREVIEWS = YES;
				GENERATE_INFOPLIST_FILE = YES;
				INFOPLIST_FILE = "$(TARGET_NAME)/Info.plist";
				LD_RUNPATH_SEARCH_PATHS = (
					"$(inherited)",
					"@executable_path/Frameworks",
				);
				MARKETING_VERSION = 1.0;
				PRODUCT_BUNDLE_IDENTIFIER = com.reality.RealityGlitchArt;
				PRODUCT_NAME = "$(TARGET_NAME)";
				SUPPORTED_PLATFORMS = "xros xrsimulator";
				SWIFT_EMIT_LOC_STRINGS = YES;
				SWIFT_VERSION = 5.0;
				TARGETED_DEVICE_FAMILY = 7;
			};
			name = Release;
		};
		6CDB2E002C3A875400CFB28A /* Debug */ = {
			isa = XCBuildConfiguration;
			buildSettings = {
				ASSETCATALOG_COMPILER_APPICON_NAME = AppIcon;
				ASSETCATALOG_COMPILER_GLOBAL_ACCENT_COLOR_NAME = AccentColor;
				CODE_SIGN_STYLE = Automatic;
				CURRENT_PROJECT_VERSION = 1;
				DEVELOPMENT_ASSET_PATHS = "\"NoiseVisualization/Preview Content\"";
				DEVELOPMENT_TEAM = 67UBXXU7S9;
				ENABLE_PREVIEWS = YES;
				GENERATE_INFOPLIST_FILE = YES;
				INFOPLIST_FILE = "$(TARGET_NAME)/Info.plist";
				LD_RUNPATH_SEARCH_PATHS = (
					"$(inherited)",
					"@executable_path/Frameworks",
				);
				MARKETING_VERSION = 1.0;
				PRODUCT_BUNDLE_IDENTIFIER = com.reality.NoiseVisualization;
				PRODUCT_NAME = "$(TARGET_NAME)";
				SUPPORTED_PLATFORMS = "xros xrsimulator";
				SWIFT_EMIT_LOC_STRINGS = YES;
				SWIFT_VERSION = 5.0;
				TARGETED_DEVICE_FAMILY = 7;
			};
			name = Debug;
		};
		6CDB2E012C3A875400CFB28A /* Release */ = {
			isa = XCBuildConfiguration;
			buildSettings = {
				ASSETCATALOG_COMPILER_APPICON_NAME = AppIcon;
				ASSETCATALOG_COMPILER_GLOBAL_ACCENT_COLOR_NAME = AccentColor;
				CODE_SIGN_STYLE = Automatic;
				CURRENT_PROJECT_VERSION = 1;
				DEVELOPMENT_ASSET_PATHS = "\"NoiseVisualization/Preview Content\"";
				DEVELOPMENT_TEAM = 67UBXXU7S9;
				ENABLE_PREVIEWS = YES;
				GENERATE_INFOPLIST_FILE = YES;
				INFOPLIST_FILE = "$(TARGET_NAME)/Info.plist";
				LD_RUNPATH_SEARCH_PATHS = (
					"$(inherited)",
					"@executable_path/Frameworks",
				);
				MARKETING_VERSION = 1.0;
				PRODUCT_BUNDLE_IDENTIFIER = com.reality.NoiseVisualization;
				PRODUCT_NAME = "$(TARGET_NAME)";
				SUPPORTED_PLATFORMS = "xros xrsimulator";
				SWIFT_EMIT_LOC_STRINGS = YES;
				SWIFT_VERSION = 5.0;
				TARGETED_DEVICE_FAMILY = 7;
			};
			name = Release;
		};
/* End XCBuildConfiguration section */

/* Begin XCConfigurationList section */
		6C835B822C2844DA00644727 /* Build configuration list for PBXProject "RealityGlitchArtDemo" */ = {
			isa = XCConfigurationList;
			buildConfigurations = (
				6C835B9E2C2844DB00644727 /* Debug */,
				6C835B9F2C2844DB00644727 /* Release */,
			);
			defaultConfigurationIsVisible = 0;
			defaultConfigurationName = Release;
		};
		6C835BA02C2844DB00644727 /* Build configuration list for PBXNativeTarget "RealityGlitchArtDemo" */ = {
			isa = XCConfigurationList;
			buildConfigurations = (
				6C835BA12C2844DB00644727 /* Debug */,
				6C835BA22C2844DB00644727 /* Release */,
			);
			defaultConfigurationIsVisible = 0;
			defaultConfigurationName = Release;
		};
		6CDB2E022C3A875400CFB28A /* Build configuration list for PBXNativeTarget "NoiseVisualization" */ = {
			isa = XCConfigurationList;
			buildConfigurations = (
				6CDB2E002C3A875400CFB28A /* Debug */,
				6CDB2E012C3A875400CFB28A /* Release */,
			);
			defaultConfigurationIsVisible = 0;
			defaultConfigurationName = Release;
		};
/* End XCConfigurationList section */

/* Begin XCSwiftPackageProductDependency section */
		6CDB2E062C3A886500CFB28A /* RealityKitNoise */ = {
			isa = XCSwiftPackageProductDependency;
			productName = RealityKitNoise;
		};
		6CE0ED842D0B292A00F10A1A /* RealityGlitchArt */ = {
			isa = XCSwiftPackageProductDependency;
			productName = RealityGlitchArt;
		};
/* End XCSwiftPackageProductDependency section */
	};
	rootObject = 6C835B7F2C2844DA00644727 /* Project object */;
}
